
Microsoft Visual Studio Solution File, Format Version 12.00
# Visual Studio Version 16
VisualStudioVersion = 16.0.29613.14
MinimumVisualStudioVersion = 10.0.40219.1
Project("{9A19103F-16F7-4668-BE54-9A1E7A4F7556}") = "DevIO.Business", "src\DevIO.Business\DevIO.Business.csproj", "{3345141C-063B-4C2C-9723-5EC47A39FDC5}"
EndProject
Project("{9A19103F-16F7-4668-BE54-9A1E7A4F7556}") = "DevIO.Data", "src\DevIO.Data\DevIO.Data.csproj", "{7DEFF271-0802-4541-9049-93959394DDCD}"
EndProject
Project("{FAE04EC0-301F-11D3-BF4B-00C04F79EFBC}") = "DevIO.Api", "src\DevIO.Api\DevIO.Api.csproj", "{4DD5791F-9CB1-409F-A512-F380AC718153}"
EndProject
Global
	GlobalSection(SolutionConfigurationPlatforms) = preSolution
		Debug|Any CPU = Debug|Any CPU
		Release|Any CPU = Release|Any CPU
	EndGlobalSection
	GlobalSection(ProjectConfigurationPlatforms) = postSolution
		{3345141C-063B-4C2C-9723-5EC47A39FDC5}.Debug|Any CPU.ActiveCfg = Debug|Any CPU
		{3345141C-063B-4C2C-9723-5EC47A39FDC5}.Debug|Any CPU.Build.0 = Debug|Any CPU
		{3345141C-063B-4C2C-9723-5EC47A39FDC5}.Release|Any CPU.ActiveCfg = Release|Any CPU
		{3345141C-063B-4C2C-9723-5EC47A39FDC5}.Release|Any CPU.Build.0 = Release|Any CPU
		{7DEFF271-0802-4541-9049-93959394DDCD}.Debug|Any CPU.ActiveCfg = Debug|Any CPU
		{7DEFF271-0802-4541-9049-93959394DDCD}.Debug|Any CPU.Build.0 = Debug|Any CPU
		{7DEFF271-0802-4541-9049-93959394DDCD}.Release|Any CPU.ActiveCfg = Release|Any CPU
		{7DEFF271-0802-4541-9049-93959394DDCD}.Release|Any CPU.Build.0 = Release|Any CPU
		{4DD5791F-9CB1-409F-A512-F380AC718153}.Debug|Any CPU.ActiveCfg = Debug|Any CPU
		{4DD5791F-9CB1-409F-A512-F380AC718153}.Debug|Any CPU.Build.0 = Debug|Any CPU
		{4DD5791F-9CB1-409F-A512-F380AC718153}.Release|Any CPU.ActiveCfg = Release|Any CPU
		{4DD5791F-9CB1-409F-A512-F380AC718153}.Release|Any CPU.Build.0 = Release|Any CPU
	EndGlobalSection
	GlobalSection(SolutionProperties) = preSolution
		HideSolutionNode = FALSE
	EndGlobalSection
	GlobalSection(ExtensibilityGlobals) = postSolution
		SolutionGuid = {61D4C64B-FBC4-48BF-A22F-0DF391796190}
	EndGlobalSection
EndGlobal
